// !$*UTF8*$!
{
	archiveVersion = 1;
	classes = {
	};
	objectVersion = 48;
	objects = {

/* Begin PBXBuildFile section */
		62E0C6F6201DE310006EE011 /* AppDelegate.m in Sources */ = {isa = PBXBuildFile; fileRef = 62E0C6F5201DE310006EE011 /* AppDelegate.m */; };
		62E0C6F9201DE310006EE011 /* ViewController.m in Sources */ = {isa = PBXBuildFile; fileRef = 62E0C6F8201DE310006EE011 /* ViewController.m */; };
		62E0C6FE201DE310006EE011 /* Assets.xcassets in Resources */ = {isa = PBXBuildFile; fileRef = 62E0C6FD201DE310006EE011 /* Assets.xcassets */; };
		62E0C701201DE310006EE011 /* LaunchScreen.storyboard in Resources */ = {isa = PBXBuildFile; fileRef = 62E0C6FF201DE310006EE011 /* LaunchScreen.storyboard */; };
		62E0C704201DE310006EE011 /* main.m in Sources */ = {isa = PBXBuildFile; fileRef = 62E0C703201DE310006EE011 /* main.m */; };
		81B2E35DBA50592BEF50D433 /* Constants.m in Sources */ = {isa = PBXBuildFile; fileRef = 81B2E7D709ED6BAB2C17B4C0 /* Constants.m */; };
		81B2E4E86E3452FA52779AD1 /* QuestionsTableDataManager.m in Sources */ = {isa = PBXBuildFile; fileRef = 81B2EBD91590C7C3C6BFFFAB /* QuestionsTableDataManager.m */; };
		81B2E59D8F7CCA763ACBFB97 /* QuestionModel.m in Sources */ = {isa = PBXBuildFile; fileRef = 81B2E76A6D2D939B0859BC4A /* QuestionModel.m */; };
		81B2E6B0150F72E3FB3A4D86 /* ModelMapper.m in Sources */ = {isa = PBXBuildFile; fileRef = 81B2E33D7A085F0198244C05 /* ModelMapper.m */; };
		81B2EAA60D30E5BD6B364FDA /* ApiService.m in Sources */ = {isa = PBXBuildFile; fileRef = 81B2E6AFC89A92B79F044187 /* ApiService.m */; };
/* End PBXBuildFile section */

/* Begin PBXFileReference section */
		62E0C6F1201DE30F006EE011 /* StackoverflowReader.app */ = {isa = PBXFileReference; explicitFileType = wrapper.application; includeInIndex = 0; path = StackoverflowReader.app; sourceTree = BUILT_PRODUCTS_DIR; };
		62E0C6F4201DE30F006EE011 /* AppDelegate.h */ = {isa = PBXFileReference; lastKnownFileType = sourcecode.c.h; path = AppDelegate.h; sourceTree = "<group>"; };
		62E0C6F5201DE310006EE011 /* AppDelegate.m */ = {isa = PBXFileReference; lastKnownFileType = sourcecode.c.objc; path = AppDelegate.m; sourceTree = "<group>"; };
		62E0C6F7201DE310006EE011 /* ViewController.h */ = {isa = PBXFileReference; lastKnownFileType = sourcecode.c.h; path = ViewController.h; sourceTree = "<group>"; };
		62E0C6F8201DE310006EE011 /* ViewController.m */ = {isa = PBXFileReference; lastKnownFileType = sourcecode.c.objc; path = ViewController.m; sourceTree = "<group>"; };
		62E0C6FD201DE310006EE011 /* Assets.xcassets */ = {isa = PBXFileReference; lastKnownFileType = folder.assetcatalog; path = Assets.xcassets; sourceTree = "<group>"; };
		62E0C700201DE310006EE011 /* Base */ = {isa = PBXFileReference; lastKnownFileType = file.storyboard; name = Base; path = Base.lproj/LaunchScreen.storyboard; sourceTree = "<group>"; };
		62E0C702201DE310006EE011 /* Info.plist */ = {isa = PBXFileReference; lastKnownFileType = text.plist.xml; path = Info.plist; sourceTree = "<group>"; };
		62E0C703201DE310006EE011 /* main.m */ = {isa = PBXFileReference; lastKnownFileType = sourcecode.c.objc; path = main.m; sourceTree = "<group>"; };
		81B2E33D7A085F0198244C05 /* ModelMapper.m */ = {isa = PBXFileReference; fileEncoding = 4; lastKnownFileType = sourcecode.c.objc; path = ModelMapper.m; sourceTree = "<group>"; };
		81B2E62E2FCF35D32AF5BA0E /* Constants.h */ = {isa = PBXFileReference; fileEncoding = 4; lastKnownFileType = sourcecode.c.h; path = Constants.h; sourceTree = "<group>"; };
		81B2E6AFC89A92B79F044187 /* ApiService.m */ = {isa = PBXFileReference; fileEncoding = 4; lastKnownFileType = sourcecode.c.objc; path = ApiService.m; sourceTree = "<group>"; };
		81B2E746306FCA5ACBB09C74 /* QuestionModel.h */ = {isa = PBXFileReference; fileEncoding = 4; lastKnownFileType = sourcecode.c.h; path = QuestionModel.h; sourceTree = "<group>"; };
		81B2E76A6D2D939B0859BC4A /* QuestionModel.m */ = {isa = PBXFileReference; fileEncoding = 4; lastKnownFileType = sourcecode.c.objc; path = QuestionModel.m; sourceTree = "<group>"; };
		81B2E7D709ED6BAB2C17B4C0 /* Constants.m */ = {isa = PBXFileReference; fileEncoding = 4; lastKnownFileType = sourcecode.c.objc; path = Constants.m; sourceTree = "<group>"; };
		81B2E836DE4A17DDA81E47B8 /* ModelMapper.h */ = {isa = PBXFileReference; fileEncoding = 4; lastKnownFileType = sourcecode.c.h; path = ModelMapper.h; sourceTree = "<group>"; };
		81B2EB22FB04A1B6CEDC3141 /* QuestionsTableDataManager.h */ = {isa = PBXFileReference; fileEncoding = 4; lastKnownFileType = sourcecode.c.h; path = QuestionsTableDataManager.h; sourceTree = "<group>"; };
		81B2EB697A10AAACECDC1CA5 /* ApiService.h */ = {isa = PBXFileReference; fileEncoding = 4; lastKnownFileType = sourcecode.c.h; path = ApiService.h; sourceTree = "<group>"; };
		81B2EBD91590C7C3C6BFFFAB /* QuestionsTableDataManager.m */ = {isa = PBXFileReference; fileEncoding = 4; lastKnownFileType = sourcecode.c.objc; path = QuestionsTableDataManager.m; sourceTree = "<group>"; };
/* End PBXFileReference section */

/* Begin PBXFrameworksBuildPhase section */
		62E0C6EE201DE30F006EE011 /* Frameworks */ = {
			isa = PBXFrameworksBuildPhase;
			buildActionMask = 2147483647;
			files = (
			);
			runOnlyForDeploymentPostprocessing = 0;
		};
/* End PBXFrameworksBuildPhase section */

/* Begin PBXGroup section */
		62E0C6E8201DE30F006EE011 = {
			isa = PBXGroup;
			children = (
				62E0C6F3201DE30F006EE011 /* StackoverflowReader */,
				62E0C6F2201DE30F006EE011 /* Products */,
			);
			sourceTree = "<group>";
		};
		62E0C6F2201DE30F006EE011 /* Products */ = {
			isa = PBXGroup;
			children = (
				62E0C6F1201DE30F006EE011 /* StackoverflowReader.app */,
			);
			name = Products;
			sourceTree = "<group>";
		};
		62E0C6F3201DE30F006EE011 /* StackoverflowReader */ = {
			isa = PBXGroup;
			children = (
				62E0C6F4201DE30F006EE011 /* AppDelegate.h */,
				62E0C6F5201DE310006EE011 /* AppDelegate.m */,
				62E0C6F7201DE310006EE011 /* ViewController.h */,
				62E0C6F8201DE310006EE011 /* ViewController.m */,
				62E0C6FD201DE310006EE011 /* Assets.xcassets */,
				62E0C6FF201DE310006EE011 /* LaunchScreen.storyboard */,
				62E0C702201DE310006EE011 /* Info.plist */,
				62E0C703201DE310006EE011 /* main.m */,
				81B2E6AFC89A92B79F044187 /* ApiService.m */,
				81B2EB697A10AAACECDC1CA5 /* ApiService.h */,
				81B2E7D709ED6BAB2C17B4C0 /* Constants.m */,
				81B2E62E2FCF35D32AF5BA0E /* Constants.h */,
				81B2E76A6D2D939B0859BC4A /* QuestionModel.m */,
				81B2E746306FCA5ACBB09C74 /* QuestionModel.h */,
				81B2EBD91590C7C3C6BFFFAB /* QuestionsTableDataManager.m */,
				81B2EB22FB04A1B6CEDC3141 /* QuestionsTableDataManager.h */,
				81B2E33D7A085F0198244C05 /* ModelMapper.m */,
				81B2E836DE4A17DDA81E47B8 /* ModelMapper.h */,
			);
			path = StackoverflowReader;
			sourceTree = "<group>";
		};
/* End PBXGroup section */

/* Begin PBXNativeTarget section */
		62E0C6F0201DE30F006EE011 /* StackoverflowReader */ = {
			isa = PBXNativeTarget;
			buildConfigurationList = 62E0C707201DE310006EE011 /* Build configuration list for PBXNativeTarget "StackoverflowReader" */;
			buildPhases = (
				62E0C6ED201DE30F006EE011 /* Sources */,
				62E0C6EE201DE30F006EE011 /* Frameworks */,
				62E0C6EF201DE30F006EE011 /* Resources */,
			);
			buildRules = (
			);
			dependencies = (
			);
			name = StackoverflowReader;
			productName = StackoverflowReader;
			productReference = 62E0C6F1201DE30F006EE011 /* StackoverflowReader.app */;
			productType = "com.apple.product-type.application";
		};
/* End PBXNativeTarget section */

/* Begin PBXProject section */
		62E0C6E9201DE30F006EE011 /* Project object */ = {
			isa = PBXProject;
			attributes = {
				LastUpgradeCheck = 0920;
				ORGANIZATIONNAME = "Igor Nabokov";
				TargetAttributes = {
					62E0C6F0201DE30F006EE011 = {
						CreatedOnToolsVersion = 9.2;
						ProvisioningStyle = Automatic;
					};
				};
			};
			buildConfigurationList = 62E0C6EC201DE30F006EE011 /* Build configuration list for PBXProject "StackoverflowReader" */;
			compatibilityVersion = "Xcode 8.0";
			developmentRegion = en;
			hasScannedForEncodings = 0;
			knownRegions = (
				en,
				Base,
			);
			mainGroup = 62E0C6E8201DE30F006EE011;
			productRefGroup = 62E0C6F2201DE30F006EE011 /* Products */;
			projectDirPath = "";
			projectRoot = "";
			targets = (
				62E0C6F0201DE30F006EE011 /* StackoverflowReader */,
			);
		};
/* End PBXProject section */

/* Begin PBXResourcesBuildPhase section */
		62E0C6EF201DE30F006EE011 /* Resources */ = {
			isa = PBXResourcesBuildPhase;
			buildActionMask = 2147483647;
			files = (
				62E0C701201DE310006EE011 /* LaunchScreen.storyboard in Resources */,
				62E0C6FE201DE310006EE011 /* Assets.xcassets in Resources */,
			);
			runOnlyForDeploymentPostprocessing = 0;
		};
/* End PBXResourcesBuildPhase section */

/* Begin PBXSourcesBuildPhase section */
		62E0C6ED201DE30F006EE011 /* Sources */ = {
			isa = PBXSourcesBuildPhase;
			buildActionMask = 2147483647;
			files = (
				62E0C6F9201DE310006EE011 /* ViewController.m in Sources */,
				62E0C704201DE310006EE011 /* main.m in Sources */,
				62E0C6F6201DE310006EE011 /* AppDelegate.m in Sources */,
				81B2EAA60D30E5BD6B364FDA /* ApiService.m in Sources */,
				81B2E35DBA50592BEF50D433 /* Constants.m in Sources */,
				81B2E59D8F7CCA763ACBFB97 /* QuestionModel.m in Sources */,
				81B2E4E86E3452FA52779AD1 /* QuestionsTableDataManager.m in Sources */,
				81B2E6B0150F72E3FB3A4D86 /* ModelMapper.m in Sources */,
			);
			runOnlyForDeploymentPostprocessing = 0;
		};
/* End PBXSourcesBuildPhase section */

/* Begin PBXVariantGroup section */
		62E0C6FF201DE310006EE011 /* LaunchScreen.storyboard */ = {
			isa = PBXVariantGroup;
			children = (
				62E0C700201DE310006EE011 /* Base */,
			);
			name = LaunchScreen.storyboard;
			sourceTree = "<group>";
		};
/* End PBXVariantGroup section */

/* Begin XCBuildConfiguration section */
		62E0C705201DE310006EE011 /* Debug */ = {
			isa = XCBuildConfiguration;
			buildSettings = {
				ALWAYS_SEARCH_USER_PATHS = NO;
				CLANG_ANALYZER_NONNULL = YES;
				CLANG_ANALYZER_NUMBER_OBJECT_CONVERSION = YES_AGGRESSIVE;
				CLANG_CXX_LANGUAGE_STANDARD = "gnu++14";
				CLANG_CXX_LIBRARY = "libc++";
				CLANG_ENABLE_MODULES = YES;
				CLANG_ENABLE_OBJC_ARC = YES;
				CLANG_WARN_BLOCK_CAPTURE_AUTORELEASING = YES;
				CLANG_WARN_BOOL_CONVERSION = YES;
				CLANG_WARN_COMMA = YES;
				CLANG_WARN_CONSTANT_CONVERSION = YES;
				CLANG_WARN_DIRECT_OBJC_ISA_USAGE = YES_ERROR;
				CLANG_WARN_DOCUMENTATION_COMMENTS = YES;
				CLANG_WARN_EMPTY_BODY = YES;
				CLANG_WARN_ENUM_CONVERSION = YES;
				CLANG_WARN_INFINITE_RECURSION = YES;
				CLANG_WARN_INT_CONVERSION = YES;
				CLANG_WARN_NON_LITERAL_NULL_CONVERSION = YES;
				CLANG_WARN_OBJC_LITERAL_CONVERSION = YES;
				CLANG_WARN_OBJC_ROOT_CLASS = YES_ERROR;
				CLANG_WARN_RANGE_LOOP_ANALYSIS = YES;
				CLANG_WARN_STRICT_PROTOTYPES = YES;
				CLANG_WARN_SUSPICIOUS_MOVE = YES;
				CLANG_WARN_UNGUARDED_AVAILABILITY = YES_AGGRESSIVE;
				CLANG_WARN_UNREACHABLE_CODE = YES;
				CLANG_WARN__DUPLICATE_METHOD_MATCH = YES;
				CODE_SIGN_IDENTITY = "iPhone Developer";
				COPY_PHASE_STRIP = NO;
				DEBUG_INFORMATION_FORMAT = dwarf;
				ENABLE_STRICT_OBJC_MSGSEND = YES;
				ENABLE_TESTABILITY = YES;
				GCC_C_LANGUAGE_STANDARD = gnu11;
				GCC_DYNAMIC_NO_PIC = NO;
				GCC_NO_COMMON_BLOCKS = YES;
				GCC_OPTIMIZATION_LEVEL = 0;
				GCC_PREPROCESSOR_DEFINITIONS = (
					"DEBUG=1",
					"$(inherited)",
				);
				GCC_WARN_64_TO_32_BIT_CONVERSION = YES;
				GCC_WARN_ABOUT_RETURN_TYPE = YES_ERROR;
				GCC_WARN_UNDECLARED_SELECTOR = YES;
				GCC_WARN_UNINITIALIZED_AUTOS = YES_AGGRESSIVE;
				GCC_WARN_UNUSED_FUNCTION = YES;
				GCC_WARN_UNUSED_VARIABLE = YES;
				IPHONEOS_DEPLOYMENT_TARGET = 11.2;
				MTL_ENABLE_DEBUG_INFO = YES;
				ONLY_ACTIVE_ARCH = YES;
				SDKROOT = iphoneos;
			};
			name = Debug;
		};
		62E0C706201DE310006EE011 /* Release */ = {
			isa = XCBuildConfiguration;
			buildSettings = {
				ALWAYS_SEARCH_USER_PATHS = NO;
				CLANG_ANALYZER_NONNULL = YES;
				CLANG_ANALYZER_NUMBER_OBJECT_CONVERSION = YES_AGGRESSIVE;
				CLANG_CXX_LANGUAGE_STANDARD = "gnu++14";
				CLANG_CXX_LIBRARY = "libc++";
				CLANG_ENABLE_MODULES = YES;
				CLANG_ENABLE_OBJC_ARC = YES;
				CLANG_WARN_BLOCK_CAPTURE_AUTORELEASING = YES;
				CLANG_WARN_BOOL_CONVERSION = YES;
				CLANG_WARN_COMMA = YES;
				CLANG_WARN_CONSTANT_CONVERSION = YES;
				CLANG_WARN_DIRECT_OBJC_ISA_USAGE = YES_ERROR;
				CLANG_WARN_DOCUMENTATION_COMMENTS = YES;
				CLANG_WARN_EMPTY_BODY = YES;
				CLANG_WARN_ENUM_CONVERSION = YES;
				CLANG_WARN_INFINITE_RECURSION = YES;
				CLANG_WARN_INT_CONVERSION = YES;
				CLANG_WARN_NON_LITERAL_NULL_CONVERSION = YES;
				CLANG_WARN_OBJC_LITERAL_CONVERSION = YES;
				CLANG_WARN_OBJC_ROOT_CLASS = YES_ERROR;
				CLANG_WARN_RANGE_LOOP_ANALYSIS = YES;
				CLANG_WARN_STRICT_PROTOTYPES = YES;
				CLANG_WARN_SUSPICIOUS_MOVE = YES;
				CLANG_WARN_UNGUARDED_AVAILABILITY = YES_AGGRESSIVE;
				CLANG_WARN_UNREACHABLE_CODE = YES;
				CLANG_WARN__DUPLICATE_METHOD_MATCH = YES;
				CODE_SIGN_IDENTITY = "iPhone Developer";
				COPY_PHASE_STRIP = NO;
				DEBUG_INFORMATION_FORMAT = "dwarf-with-dsym";
				ENABLE_NS_ASSERTIONS = NO;
				ENABLE_STRICT_OBJC_MSGSEND = YES;
				GCC_C_LANGUAGE_STANDARD = gnu11;
				GCC_NO_COMMON_BLOCKS = YES;
				GCC_WARN_64_TO_32_BIT_CONVERSION = YES;
				GCC_WARN_ABOUT_RETURN_TYPE = YES_ERROR;
				GCC_WARN_UNDECLARED_SELECTOR = YES;
				GCC_WARN_UNINITIALIZED_AUTOS = YES_AGGRESSIVE;
				GCC_WARN_UNUSED_FUNCTION = YES;
				GCC_WARN_UNUSED_VARIABLE = YES;
				IPHONEOS_DEPLOYMENT_TARGET = 11.2;
				MTL_ENABLE_DEBUG_INFO = NO;
				SDKROOT = iphoneos;
				VALIDATE_PRODUCT = YES;
			};
			name = Release;
		};
		62E0C708201DE310006EE011 /* Debug */ = {
			isa = XCBuildConfiguration;
			buildSettings = {
				ASSETCATALOG_COMPILER_APPICON_NAME = AppIcon;
				CODE_SIGN_STYLE = Automatic;
				DEVELOPMENT_TEAM = 4T9XHZX96G;
				INFOPLIST_FILE = StackoverflowReader/Info.plist;
				LD_RUNPATH_SEARCH_PATHS = "$(inherited) @executable_path/Frameworks";
				PRODUCT_BUNDLE_IDENTIFIER = igornabokov.StackoverflowReader;
				PRODUCT_NAME = "$(TARGET_NAME)";
				TARGETED_DEVICE_FAMILY = "1,2";
			};
			name = Debug;
		};
		62E0C709201DE310006EE011 /* Release */ = {
			isa = XCBuildConfiguration;
			buildSettings = {
				ASSETCATALOG_COMPILER_APPICON_NAME = AppIcon;
				CODE_SIGN_STYLE = Automatic;
				DEVELOPMENT_TEAM = 4T9XHZX96G;
				INFOPLIST_FILE = StackoverflowReader/Info.plist;
				LD_RUNPATH_SEARCH_PATHS = "$(inherited) @executable_path/Frameworks";
				PRODUCT_BUNDLE_IDENTIFIER = igornabokov.StackoverflowReader;
				PRODUCT_NAME = "$(TARGET_NAME)";
				TARGETED_DEVICE_FAMILY = "1,2";
			};
			name = Release;
		};
/* End XCBuildConfiguration section */

/* Begin XCConfigurationList section */
		62E0C6EC201DE30F006EE011 /* Build configuration list for PBXProject "StackoverflowReader" */ = {
			isa = XCConfigurationList;
			buildConfigurations = (
				62E0C705201DE310006EE011 /* Debug */,
				62E0C706201DE310006EE011 /* Release */,
			);
			defaultConfigurationIsVisible = 0;
			defaultConfigurationName = Release;
		};
		62E0C707201DE310006EE011 /* Build configuration list for PBXNativeTarget "StackoverflowReader" */ = {
			isa = XCConfigurationList;
			buildConfigurations = (
				62E0C708201DE310006EE011 /* Debug */,
				62E0C709201DE310006EE011 /* Release */,
			);
			defaultConfigurationIsVisible = 0;
			defaultConfigurationName = Release;
		};
/* End XCConfigurationList section */
	};
	rootObject = 62E0C6E9201DE30F006EE011 /* Project object */;
}
